
Microsoft Visual Studio Solution File, Format Version 12.00
# Visual Studio Version 16
VisualStudioVersion = 16.0.30309.148
MinimumVisualStudioVersion = 10.0.40219.1
Project("{FAE04EC0-301F-11D3-BF4B-00C04F79EFBC}") = "Laborator04", "Laborator04.csproj", "{55478BFF-434A-4E78-88CC-0046C02E833B}"
EndProject
Global
	GlobalSection(SolutionConfigurationPlatforms) = preSolution
		Debug|Any CPU = Debug|Any CPU
		Release|Any CPU = Release|Any CPU
	EndGlobalSection
	GlobalSection(ProjectConfigurationPlatforms) = postSolution
		{55478BFF-434A-4E78-88CC-0046C02E833B}.Debug|Any CPU.ActiveCfg = Debug|Any CPU
		{55478BFF-434A-4E78-88CC-0046C02E833B}.Debug|Any CPU.Build.0 = Debug|Any CPU
		{55478BFF-434A-4E78-88CC-0046C02E833B}.Release|Any CPU.ActiveCfg = Release|Any CPU
		{55478BFF-434A-4E78-88CC-0046C02E833B}.Release|Any CPU.Build.0 = Release|Any CPU
	EndGlobalSection
	GlobalSection(SolutionProperties) = preSolution
		HideSolutionNode = FALSE
	EndGlobalSection
	GlobalSection(ExtensibilityGlobals) = postSolution
		SolutionGuid = {E666ECA6-9D85-482E-8BAC-1929936F97B3}
	EndGlobalSection
EndGlobal
